
Microsoft Visual Studio Solution File, Format Version 12.00
# Visual Studio Version 17
VisualStudioVersion = 17.11.35327.3
MinimumVisualStudioVersion = 10.0.40219.1
Project("{FAE04EC0-301F-11D3-BF4B-00C04F79EFBC}") = "Blazor_ecommerce", "Blazor_ecommerce\Blazor_ecommerce.csproj", "{E9F68025-FF19-4723-96CA-39201B705FBB}"
EndProject
Global
	GlobalSection(SolutionConfigurationPlatforms) = preSolution
		Debug|Any CPU = Debug|Any CPU
		Release|Any CPU = Release|Any CPU
	EndGlobalSection
	GlobalSection(ProjectConfigurationPlatforms) = postSolution
		{E9F68025-FF19-4723-96CA-39201B705FBB}.Debug|Any CPU.ActiveCfg = Debug|Any CPU
		{E9F68025-FF19-4723-96CA-39201B705FBB}.Debug|Any CPU.Build.0 = Debug|Any CPU
		{E9F68025-FF19-4723-96CA-39201B705FBB}.Release|Any CPU.ActiveCfg = Release|Any CPU
		{E9F68025-FF19-4723-96CA-39201B705FBB}.Release|Any CPU.Build.0 = Release|Any CPU
	EndGlobalSection
	GlobalSection(SolutionProperties) = preSolution
		HideSolutionNode = FALSE
	EndGlobalSection
	GlobalSection(ExtensibilityGlobals) = postSolution
		SolutionGuid = {018409F4-7EC9-49DE-91AF-3EDDF34E21C6}
	EndGlobalSection
EndGlobal
